
Microsoft Visual Studio Solution File, Format Version 12.00
# Visual Studio Version 17
VisualStudioVersion = 17.13.35825.156
MinimumVisualStudioVersion = 10.0.40219.1
Project("{FAE04EC0-301F-11D3-BF4B-00C04F79EFBC}") = "EQX.Core", "EQX.Core\EQX.Core\EQX.Core.csproj", "{1603B2DC-2C72-83A7-6FB8-62B68814775D}"
EndProject
Project("{FAE04EC0-301F-11D3-BF4B-00C04F79EFBC}") = "EQX.InOut", "EQX.InOut\EQX.InOut\EQX.InOut.csproj", "{C38EC4A4-400F-C6E8-12CE-1E6B8FDF3684}"
EndProject
Project("{FAE04EC0-301F-11D3-BF4B-00C04F79EFBC}") = "EQX.Motion", "EQX.Motion\EQX.Motion\EQX.Motion.csproj", "{FB1A5814-C50E-1440-A080-C0F2ED289369}"
EndProject
Project("{FAE04EC0-301F-11D3-BF4B-00C04F79EFBC}") = "EQX.UI", "EQX.UI\EQX.UI\EQX.UI.csproj", "{DC4EBD02-53D6-802B-B2AA-0EE86D37C4A6}"
EndProject
Project("{FAE04EC0-301F-11D3-BF4B-00C04F79EFBC}") = "EQX.Process", "EQX.Process\EQX.Process\EQX.Process.csproj", "{CA711284-9F15-19E8-9C4F-BAE596FF1D93}"
EndProject
Project("{FAE04EC0-301F-11D3-BF4B-00C04F79EFBC}") = "EQX.ThirdParty", "EQX.ThirdParty\EQX.ThirdParty\EQX.ThirdParty.csproj", "{11A13E10-359D-0DCA-C6A6-B4BEFEB5B587}"
EndProject
Project("{FAE04EC0-301F-11D3-BF4B-00C04F79EFBC}") = "EQX.Device", "EQX.Device\EQX.Device\EQX.Device.csproj", "{4F0A13B6-5268-50EC-3763-2722295CD2F4}"
EndProject
Project("{FAE04EC0-301F-11D3-BF4B-00C04F79EFBC}") = "SDV_DotDispenser", "SDV_DotDispenser\SDV_DotDispenser.csproj", "{EDB05A51-FE34-E2F4-9FB9-CAE23B2DDCE3}"
EndProject
Global
	GlobalSection(SolutionConfigurationPlatforms) = preSolution
		Debug|Any CPU = Debug|Any CPU
		Release|Any CPU = Release|Any CPU
		Simulation|Any CPU = Simulation|Any CPU
	EndGlobalSection
	GlobalSection(ProjectConfigurationPlatforms) = postSolution
		{1603B2DC-2C72-83A7-6FB8-62B68814775D}.Debug|Any CPU.ActiveCfg = Debug|Any CPU
		{1603B2DC-2C72-83A7-6FB8-62B68814775D}.Debug|Any CPU.Build.0 = Debug|Any CPU
		{1603B2DC-2C72-83A7-6FB8-62B68814775D}.Release|Any CPU.ActiveCfg = Release|Any CPU
		{1603B2DC-2C72-83A7-6FB8-62B68814775D}.Release|Any CPU.Build.0 = Release|Any CPU
		{1603B2DC-2C72-83A7-6FB8-62B68814775D}.Simulation|Any CPU.ActiveCfg = Simulation|Any CPU
		{1603B2DC-2C72-83A7-6FB8-62B68814775D}.Simulation|Any CPU.Build.0 = Simulation|Any CPU
		{C38EC4A4-400F-C6E8-12CE-1E6B8FDF3684}.Debug|Any CPU.ActiveCfg = Debug|Any CPU
		{C38EC4A4-400F-C6E8-12CE-1E6B8FDF3684}.Debug|Any CPU.Build.0 = Debug|Any CPU
		{C38EC4A4-400F-C6E8-12CE-1E6B8FDF3684}.Release|Any CPU.ActiveCfg = Release|Any CPU
		{C38EC4A4-400F-C6E8-12CE-1E6B8FDF3684}.Release|Any CPU.Build.0 = Release|Any CPU
		{C38EC4A4-400F-C6E8-12CE-1E6B8FDF3684}.Simulation|Any CPU.ActiveCfg = Simulation|Any CPU
		{C38EC4A4-400F-C6E8-12CE-1E6B8FDF3684}.Simulation|Any CPU.Build.0 = Simulation|Any CPU
		{FB1A5814-C50E-1440-A080-C0F2ED289369}.Debug|Any CPU.ActiveCfg = Debug|Any CPU
		{FB1A5814-C50E-1440-A080-C0F2ED289369}.Debug|Any CPU.Build.0 = Debug|Any CPU
		{FB1A5814-C50E-1440-A080-C0F2ED289369}.Release|Any CPU.ActiveCfg = Release|Any CPU
		{FB1A5814-C50E-1440-A080-C0F2ED289369}.Release|Any CPU.Build.0 = Release|Any CPU
		{FB1A5814-C50E-1440-A080-C0F2ED289369}.Simulation|Any CPU.ActiveCfg = Simulation|Any CPU
		{FB1A5814-C50E-1440-A080-C0F2ED289369}.Simulation|Any CPU.Build.0 = Simulation|Any CPU
		{DC4EBD02-53D6-802B-B2AA-0EE86D37C4A6}.Debug|Any CPU.ActiveCfg = Debug|Any CPU
		{DC4EBD02-53D6-802B-B2AA-0EE86D37C4A6}.Debug|Any CPU.Build.0 = Debug|Any CPU
		{DC4EBD02-53D6-802B-B2AA-0EE86D37C4A6}.Release|Any CPU.ActiveCfg = Release|Any CPU
		{DC4EBD02-53D6-802B-B2AA-0EE86D37C4A6}.Release|Any CPU.Build.0 = Release|Any CPU
		{DC4EBD02-53D6-802B-B2AA-0EE86D37C4A6}.Simulation|Any CPU.ActiveCfg = Simulation|Any CPU
		{DC4EBD02-53D6-802B-B2AA-0EE86D37C4A6}.Simulation|Any CPU.Build.0 = Simulation|Any CPU
		{CA711284-9F15-19E8-9C4F-BAE596FF1D93}.Debug|Any CPU.ActiveCfg = Debug|Any CPU
		{CA711284-9F15-19E8-9C4F-BAE596FF1D93}.Debug|Any CPU.Build.0 = Debug|Any CPU
		{CA711284-9F15-19E8-9C4F-BAE596FF1D93}.Release|Any CPU.ActiveCfg = Release|Any CPU
		{CA711284-9F15-19E8-9C4F-BAE596FF1D93}.Release|Any CPU.Build.0 = Release|Any CPU
		{CA711284-9F15-19E8-9C4F-BAE596FF1D93}.Simulation|Any CPU.ActiveCfg = Simulation|Any CPU
		{CA711284-9F15-19E8-9C4F-BAE596FF1D93}.Simulation|Any CPU.Build.0 = Simulation|Any CPU
		{11A13E10-359D-0DCA-C6A6-B4BEFEB5B587}.Debug|Any CPU.ActiveCfg = Debug|Any CPU
		{11A13E10-359D-0DCA-C6A6-B4BEFEB5B587}.Debug|Any CPU.Build.0 = Debug|Any CPU
		{11A13E10-359D-0DCA-C6A6-B4BEFEB5B587}.Release|Any CPU.ActiveCfg = Release|Any CPU
		{11A13E10-359D-0DCA-C6A6-B4BEFEB5B587}.Release|Any CPU.Build.0 = Release|Any CPU
		{11A13E10-359D-0DCA-C6A6-B4BEFEB5B587}.Simulation|Any CPU.ActiveCfg = Simulation|Any CPU
		{11A13E10-359D-0DCA-C6A6-B4BEFEB5B587}.Simulation|Any CPU.Build.0 = Simulation|Any CPU
		{4F0A13B6-5268-50EC-3763-2722295CD2F4}.Debug|Any CPU.ActiveCfg = Debug|Any CPU
		{4F0A13B6-5268-50EC-3763-2722295CD2F4}.Debug|Any CPU.Build.0 = Debug|Any CPU
		{4F0A13B6-5268-50EC-3763-2722295CD2F4}.Release|Any CPU.ActiveCfg = Release|Any CPU
		{4F0A13B6-5268-50EC-3763-2722295CD2F4}.Release|Any CPU.Build.0 = Release|Any CPU
		{4F0A13B6-5268-50EC-3763-2722295CD2F4}.Simulation|Any CPU.ActiveCfg = Debug|Any CPU
		{4F0A13B6-5268-50EC-3763-2722295CD2F4}.Simulation|Any CPU.Build.0 = Debug|Any CPU
		{EDB05A51-FE34-E2F4-9FB9-CAE23B2DDCE3}.Debug|Any CPU.ActiveCfg = Debug|Any CPU
		{EDB05A51-FE34-E2F4-9FB9-CAE23B2DDCE3}.Debug|Any CPU.Build.0 = Debug|Any CPU
		{EDB05A51-FE34-E2F4-9FB9-CAE23B2DDCE3}.Release|Any CPU.ActiveCfg = Release|Any CPU
		{EDB05A51-FE34-E2F4-9FB9-CAE23B2DDCE3}.Release|Any CPU.Build.0 = Release|Any CPU
		{EDB05A51-FE34-E2F4-9FB9-CAE23B2DDCE3}.Simulation|Any CPU.ActiveCfg = Simulation|Any CPU
		{EDB05A51-FE34-E2F4-9FB9-CAE23B2DDCE3}.Simulation|Any CPU.Build.0 = Simulation|Any CPU
	EndGlobalSection
	GlobalSection(SolutionProperties) = preSolution
		HideSolutionNode = FALSE
	EndGlobalSection
	GlobalSection(ExtensibilityGlobals) = postSolution
		SolutionGuid = {7D51CF63-15B6-4CEA-BC0F-20A1C9E26496}
	EndGlobalSection
EndGlobal
